name: Update APM lockfile

on:
  push:
    branches:
      - "renovate/**"
    paths:
      - "apm.yml"
  workflow_dispatch:

concurrency:
  group: ${{ github.workflow }}-${{ github.ref }}
  cancel-in-progress: true

permissions:
  contents: read

jobs:
  Update-Lock:
    runs-on: ubuntu-24.04
    timeout-minutes: 10
    environment: bot
    steps:
      - name: Checkout
        uses: actions/checkout@9c091bb21b7c1c1d1991bb908d89e4e9dddfe3e0 # v7.0.0
        with:
          ref: ${{ github.ref }}
          persist-credentials: false

      - name: Setup mise (installs apm-cli pinned in mise.toml)
        uses: jdx/mise-action@dad1bfd3df957f44999b559dd69dc1671cb4e9ea # v4.2.1

      - name: Verify apm
        run: apm --version

      - name: Regenerate apm.lock.yaml
        run: apm install -t claude

      - name: Commit and push if lock changed
        env:
          GH_TOKEN: ${{ secrets.PUSH_TOKEN }}
        run: |
          if [ -z "$(git status --porcelain apm.lock.yaml)" ]; then
            echo "apm.lock.yaml is already up to date."
            exit 0
          fi
          git config user.name 'github-actions[bot]'
          git config user.email '41898282+github-actions[bot]@users.noreply.github.com'
          git add apm.lock.yaml
          git commit -m "chore: regenerate apm.lock.yaml"
          git push "https://x-access-token:${GH_TOKEN}@github.com/${GITHUB_REPOSITORY}.git" "HEAD:${GITHUB_REF_NAME}"
